
Microsoft Visual Studio Solution File, Format Version 12.00
# Visual Studio Version 17
VisualStudioVersion = 17.2.32519.379
MinimumVisualStudioVersion = 10.0.40219.1
Project("{9A19103F-16F7-4668-BE54-9A1E7A4F7556}") = "ClassTest", "ClassTest\ClassTest.csproj", "{5BE0C655-24E8-4B43-A2FC-20AEC486B11D}"
EndProject
Project("{9A19103F-16F7-4668-BE54-9A1E7A4F7556}") = "testConsole", "testConsole\testConsole.csproj", "{C34A520C-3C28-4803-AE52-8FF1FE13D762}"
EndProject
Project("{2150E333-8FDC-42A3-9474-1A3956D46DE8}") = "Solution Items", "Solution Items", "{2E223C78-BE50-4C08-A092-4EDC1F6FF1DA}"
	ProjectSection(SolutionItems) = preProject
		.editorconfig = .editorconfig
	EndProjectSection
EndProject
Project("{9A19103F-16F7-4668-BE54-9A1E7A4F7556}") = "Tabata", "Tabata\Tabata.csproj", "{FC7768FD-71E6-4959-AA8D-CB1736C8812E}"
EndProject
Project("{9A19103F-16F7-4668-BE54-9A1E7A4F7556}") = "Stub", "Stub\Stub.csproj", "{E42BE234-B646-43F3-8E2B-69BC73C55A5D}"
EndProject
Project("{9A19103F-16F7-4668-BE54-9A1E7A4F7556}") = "DataContract", "DataContract\DataContract.csproj", "{6DB4DEB0-08E5-4D20-B6B6-ADF59608A451}"
EndProject
Project("{54435603-DBB4-11D2-8724-00A0C9A8B90C}") = "Tabata_Setup", "Tabata_Setup\Tabata_Setup.vdproj", "{16A9B6C0-86E8-42DC-BEF4-23BAD1EBD82F}"
EndProject
Global
	GlobalSection(SolutionConfigurationPlatforms) = preSolution
		Debug|Any CPU = Debug|Any CPU
		Release|Any CPU = Release|Any CPU
	EndGlobalSection
	GlobalSection(ProjectConfigurationPlatforms) = postSolution
		{5BE0C655-24E8-4B43-A2FC-20AEC486B11D}.Debug|Any CPU.ActiveCfg = Debug|Any CPU
		{5BE0C655-24E8-4B43-A2FC-20AEC486B11D}.Debug|Any CPU.Build.0 = Debug|Any CPU
		{5BE0C655-24E8-4B43-A2FC-20AEC486B11D}.Release|Any CPU.ActiveCfg = Release|Any CPU
		{5BE0C655-24E8-4B43-A2FC-20AEC486B11D}.Release|Any CPU.Build.0 = Release|Any CPU
		{C34A520C-3C28-4803-AE52-8FF1FE13D762}.Debug|Any CPU.ActiveCfg = Debug|Any CPU
		{C34A520C-3C28-4803-AE52-8FF1FE13D762}.Debug|Any CPU.Build.0 = Debug|Any CPU
		{C34A520C-3C28-4803-AE52-8FF1FE13D762}.Release|Any CPU.ActiveCfg = Release|Any CPU
		{C34A520C-3C28-4803-AE52-8FF1FE13D762}.Release|Any CPU.Build.0 = Release|Any CPU
		{FC7768FD-71E6-4959-AA8D-CB1736C8812E}.Debug|Any CPU.ActiveCfg = Debug|Any CPU
		{FC7768FD-71E6-4959-AA8D-CB1736C8812E}.Debug|Any CPU.Build.0 = Debug|Any CPU
		{FC7768FD-71E6-4959-AA8D-CB1736C8812E}.Release|Any CPU.ActiveCfg = Release|Any CPU
		{FC7768FD-71E6-4959-AA8D-CB1736C8812E}.Release|Any CPU.Build.0 = Release|Any CPU
		{E42BE234-B646-43F3-8E2B-69BC73C55A5D}.Debug|Any CPU.ActiveCfg = Debug|Any CPU
		{E42BE234-B646-43F3-8E2B-69BC73C55A5D}.Debug|Any CPU.Build.0 = Debug|Any CPU
		{E42BE234-B646-43F3-8E2B-69BC73C55A5D}.Release|Any CPU.ActiveCfg = Release|Any CPU
		{E42BE234-B646-43F3-8E2B-69BC73C55A5D}.Release|Any CPU.Build.0 = Release|Any CPU
		{6DB4DEB0-08E5-4D20-B6B6-ADF59608A451}.Debug|Any CPU.ActiveCfg = Debug|Any CPU
		{6DB4DEB0-08E5-4D20-B6B6-ADF59608A451}.Debug|Any CPU.Build.0 = Debug|Any CPU
		{6DB4DEB0-08E5-4D20-B6B6-ADF59608A451}.Release|Any CPU.ActiveCfg = Release|Any CPU
		{6DB4DEB0-08E5-4D20-B6B6-ADF59608A451}.Release|Any CPU.Build.0 = Release|Any CPU
		{16A9B6C0-86E8-42DC-BEF4-23BAD1EBD82F}.Debug|Any CPU.ActiveCfg = Debug
		{16A9B6C0-86E8-42DC-BEF4-23BAD1EBD82F}.Release|Any CPU.ActiveCfg = Release
	EndGlobalSection
	GlobalSection(SolutionProperties) = preSolution
		HideSolutionNode = FALSE
	EndGlobalSection
	GlobalSection(ExtensibilityGlobals) = postSolution
		SolutionGuid = {97B5E6FD-9695-49C7-B8E5-B23D727EFD47}
	EndGlobalSection
EndGlobal
